
Microsoft Visual Studio Solution File, Format Version 12.00
Project("{FAE04EC0-301F-11D3-BF4B-00C04F79EFBC}") = "Trabajos Parcial 2", "Trabajos Parcial 2\Trabajos Parcial 2.csproj", "{832011B6-6D99-43BF-8F31-747BE9FE1650}"
EndProject
Project("{FAE04EC0-301F-11D3-BF4B-00C04F79EFBC}") = "Trabajo en pareja en clase", "Trabajo en pareja en clase\Trabajo en pareja en clase.csproj", "{11383DFB-F049-433F-B006-A9C59E7A0B03}"
EndProject
Global
	GlobalSection(SolutionConfigurationPlatforms) = preSolution
		Debug|Any CPU = Debug|Any CPU
		Release|Any CPU = Release|Any CPU
	EndGlobalSection
	GlobalSection(ProjectConfigurationPlatforms) = postSolution
		{832011B6-6D99-43BF-8F31-747BE9FE1650}.Debug|Any CPU.ActiveCfg = Debug|Any CPU
		{832011B6-6D99-43BF-8F31-747BE9FE1650}.Debug|Any CPU.Build.0 = Debug|Any CPU
		{832011B6-6D99-43BF-8F31-747BE9FE1650}.Release|Any CPU.ActiveCfg = Release|Any CPU
		{832011B6-6D99-43BF-8F31-747BE9FE1650}.Release|Any CPU.Build.0 = Release|Any CPU
		{11383DFB-F049-433F-B006-A9C59E7A0B03}.Debug|Any CPU.ActiveCfg = Debug|Any CPU
		{11383DFB-F049-433F-B006-A9C59E7A0B03}.Debug|Any CPU.Build.0 = Debug|Any CPU
		{11383DFB-F049-433F-B006-A9C59E7A0B03}.Release|Any CPU.ActiveCfg = Release|Any CPU
		{11383DFB-F049-433F-B006-A9C59E7A0B03}.Release|Any CPU.Build.0 = Release|Any CPU
	EndGlobalSection
EndGlobal
